
Microsoft Visual Studio Solution File, Format Version 12.00
# Visual Studio 15
VisualStudioVersion = 15.0.28010.2046
MinimumVisualStudioVersion = 10.0.40219.1
Project("{FAE04EC0-301F-11D3-BF4B-00C04F79EFBC}") = "ServerBase", "ServerBase\ServerBase.csproj", "{341D5D17-A116-45CF-B3CA-3CE81B9779D7}"
EndProject
Project("{FAE04EC0-301F-11D3-BF4B-00C04F79EFBC}") = "Client", "Client\Client.csproj", "{BB8E8168-8617-4C1D-81BB-1F4BE53ED921}"
EndProject
Global
	GlobalSection(SolutionConfigurationPlatforms) = preSolution
		Debug|Any CPU = Debug|Any CPU
		Release|Any CPU = Release|Any CPU
	EndGlobalSection
	GlobalSection(ProjectConfigurationPlatforms) = postSolution
		{341D5D17-A116-45CF-B3CA-3CE81B9779D7}.Debug|Any CPU.ActiveCfg = Debug|Any CPU
		{341D5D17-A116-45CF-B3CA-3CE81B9779D7}.Debug|Any CPU.Build.0 = Debug|Any CPU
		{341D5D17-A116-45CF-B3CA-3CE81B9779D7}.Release|Any CPU.ActiveCfg = Release|Any CPU
		{341D5D17-A116-45CF-B3CA-3CE81B9779D7}.Release|Any CPU.Build.0 = Release|Any CPU
		{BB8E8168-8617-4C1D-81BB-1F4BE53ED921}.Debug|Any CPU.ActiveCfg = Debug|Any CPU
		{BB8E8168-8617-4C1D-81BB-1F4BE53ED921}.Debug|Any CPU.Build.0 = Debug|Any CPU
		{BB8E8168-8617-4C1D-81BB-1F4BE53ED921}.Release|Any CPU.ActiveCfg = Release|Any CPU
		{BB8E8168-8617-4C1D-81BB-1F4BE53ED921}.Release|Any CPU.Build.0 = Release|Any CPU
	EndGlobalSection
	GlobalSection(SolutionProperties) = preSolution
		HideSolutionNode = FALSE
	EndGlobalSection
	GlobalSection(ExtensibilityGlobals) = postSolution
		SolutionGuid = {6285BA7C-1596-43F8-8F13-DFA9F4D76640}
	EndGlobalSection
EndGlobal
